
Microsoft Visual Studio Solution File, Format Version 12.00
# Visual Studio 2012
Project("{FAE04EC0-301F-11D3-BF4B-00C04F79EFBC}") = "employee_manager", "employee_manager\employee_manager.csproj", "{C41EAE72-4427-43A0-AC2C-3CE85D17A624}"
EndProject
Project("{FAE04EC0-301F-11D3-BF4B-00C04F79EFBC}") = "Contracts", "Contracts\Contracts.csproj", "{314B6AF2-1761-46D7-B474-75CC48D77BD6}"
EndProject
Project("{FAE04EC0-301F-11D3-BF4B-00C04F79EFBC}") = "Entities", "Entities\Entities.csproj", "{53963D4A-75FE-4509-B4B5-6B94720DBBA4}"
EndProject
Project("{FAE04EC0-301F-11D3-BF4B-00C04F79EFBC}") = "Repository", "Repository\Repository.csproj", "{2EE6CDC9-1326-4214-A078-EB8A65C547C1}"
EndProject
Global
	GlobalSection(SolutionConfigurationPlatforms) = preSolution
		Debug|Any CPU = Debug|Any CPU
		Release|Any CPU = Release|Any CPU
	EndGlobalSection
	GlobalSection(ProjectConfigurationPlatforms) = postSolution
		{C41EAE72-4427-43A0-AC2C-3CE85D17A624}.Debug|Any CPU.ActiveCfg = Debug|Any CPU
		{C41EAE72-4427-43A0-AC2C-3CE85D17A624}.Debug|Any CPU.Build.0 = Debug|Any CPU
		{C41EAE72-4427-43A0-AC2C-3CE85D17A624}.Release|Any CPU.ActiveCfg = Release|Any CPU
		{C41EAE72-4427-43A0-AC2C-3CE85D17A624}.Release|Any CPU.Build.0 = Release|Any CPU
		{314B6AF2-1761-46D7-B474-75CC48D77BD6}.Debug|Any CPU.ActiveCfg = Debug|Any CPU
		{314B6AF2-1761-46D7-B474-75CC48D77BD6}.Debug|Any CPU.Build.0 = Debug|Any CPU
		{314B6AF2-1761-46D7-B474-75CC48D77BD6}.Release|Any CPU.ActiveCfg = Release|Any CPU
		{314B6AF2-1761-46D7-B474-75CC48D77BD6}.Release|Any CPU.Build.0 = Release|Any CPU
		{53963D4A-75FE-4509-B4B5-6B94720DBBA4}.Debug|Any CPU.ActiveCfg = Debug|Any CPU
		{53963D4A-75FE-4509-B4B5-6B94720DBBA4}.Debug|Any CPU.Build.0 = Debug|Any CPU
		{53963D4A-75FE-4509-B4B5-6B94720DBBA4}.Release|Any CPU.ActiveCfg = Release|Any CPU
		{53963D4A-75FE-4509-B4B5-6B94720DBBA4}.Release|Any CPU.Build.0 = Release|Any CPU
		{2EE6CDC9-1326-4214-A078-EB8A65C547C1}.Debug|Any CPU.ActiveCfg = Debug|Any CPU
		{2EE6CDC9-1326-4214-A078-EB8A65C547C1}.Debug|Any CPU.Build.0 = Debug|Any CPU
		{2EE6CDC9-1326-4214-A078-EB8A65C547C1}.Release|Any CPU.ActiveCfg = Release|Any CPU
		{2EE6CDC9-1326-4214-A078-EB8A65C547C1}.Release|Any CPU.Build.0 = Release|Any CPU
	EndGlobalSection
EndGlobal
